// !$*UTF8*$!
{
	archiveVersion = 1;
	classes = {
	};
	objectVersion = 46;
	objects = {

/* Begin PBXBuildFile section */
		6CF609981A3813800062608A /* AppDelegate.swift in Sources */ = {isa = PBXBuildFile; fileRef = 6CF609971A3813800062608A /* AppDelegate.swift */; };
		6CF6099A1A3813800062608A /* ViewController.swift in Sources */ = {isa = PBXBuildFile; fileRef = 6CF609991A3813800062608A /* ViewController.swift */; };
		6CF6099D1A3813800062608A /* Main.storyboard in Resources */ = {isa = PBXBuildFile; fileRef = 6CF6099B1A3813800062608A /* Main.storyboard */; };
		6CF6099F1A3813800062608A /* Images.xcassets in Resources */ = {isa = PBXBuildFile; fileRef = 6CF6099E1A3813800062608A /* Images.xcassets */; };
		6CF609A21A3813800062608A /* LaunchScreen.xib in Resources */ = {isa = PBXBuildFile; fileRef = 6CF609A01A3813800062608A /* LaunchScreen.xib */; };
		6CF609AE1A3813800062608A /* AlertControllerTests.swift in Sources */ = {isa = PBXBuildFile; fileRef = 6CF609AD1A3813800062608A /* AlertControllerTests.swift */; };
/* End PBXBuildFile section */

/* Begin PBXContainerItemProxy section */
		6CF609A81A3813800062608A /* PBXContainerItemProxy */ = {
			isa = PBXContainerItemProxy;
			containerPortal = 6CF6098A1A3813800062608A /* Project object */;
			proxyType = 1;
			remoteGlobalIDString = 6CF609911A3813800062608A;
			remoteInfo = AlertController;
		};
/* End PBXContainerItemProxy section */

/* Begin PBXFileReference section */
		6CF609921A3813800062608A /* AlertController.app */ = {isa = PBXFileReference; explicitFileType = wrapper.application; includeInIndex = 0; path = AlertController.app; sourceTree = BUILT_PRODUCTS_DIR; };
		6CF609961A3813800062608A /* Info.plist */ = {isa = PBXFileReference; lastKnownFileType = text.plist.xml; path = Info.plist; sourceTree = "<group>"; };
		6CF609971A3813800062608A /* AppDelegate.swift */ = {isa = PBXFileReference; lastKnownFileType = sourcecode.swift; path = AppDelegate.swift; sourceTree = "<group>"; };
		6CF609991A3813800062608A /* ViewController.swift */ = {isa = PBXFileReference; lastKnownFileType = sourcecode.swift; path = ViewController.swift; sourceTree = "<group>"; };
		6CF6099C1A3813800062608A /* Base */ = {isa = PBXFileReference; lastKnownFileType = file.storyboard; name = Base; path = Base.lproj/Main.storyboard; sourceTree = "<group>"; };
		6CF6099E1A3813800062608A /* Images.xcassets */ = {isa = PBXFileReference; lastKnownFileType = folder.assetcatalog; path = Images.xcassets; sourceTree = "<group>"; };
		6CF609A11A3813800062608A /* Base */ = {isa = PBXFileReference; lastKnownFileType = file.xib; name = Base; path = Base.lproj/LaunchScreen.xib; sourceTree = "<group>"; };
		6CF609A71A3813800062608A /* AlertControllerTests.xctest */ = {isa = PBXFileReference; explicitFileType = wrapper.cfbundle; includeInIndex = 0; path = AlertControllerTests.xctest; sourceTree = BUILT_PRODUCTS_DIR; };
		6CF609AC1A3813800062608A /* Info.plist */ = {isa = PBXFileReference; lastKnownFileType = text.plist.xml; path = Info.plist; sourceTree = "<group>"; };
		6CF609AD1A3813800062608A /* AlertControllerTests.swift */ = {isa = PBXFileReference; lastKnownFileType = sourcecode.swift; path = AlertControllerTests.swift; sourceTree = "<group>"; };
/* End PBXFileReference section */

/* Begin PBXFrameworksBuildPhase section */
		6CF6098F1A3813800062608A /* Frameworks */ = {
			isa = PBXFrameworksBuildPhase;
			buildActionMask = 2147483647;
			files = (
			);
			runOnlyForDeploymentPostprocessing = 0;
		};
		6CF609A41A3813800062608A /* Frameworks */ = {
			isa = PBXFrameworksBuildPhase;
			buildActionMask = 2147483647;
			files = (
			);
			runOnlyForDeploymentPostprocessing = 0;
		};
/* End PBXFrameworksBuildPhase section */

/* Begin PBXGroup section */
		6CF609891A3813800062608A = {
			isa = PBXGroup;
			children = (
				6CF609941A3813800062608A /* AlertController */,
				6CF609AA1A3813800062608A /* AlertControllerTests */,
				6CF609931A3813800062608A /* Products */,
			);
			sourceTree = "<group>";
		};
		6CF609931A3813800062608A /* Products */ = {
			isa = PBXGroup;
			children = (
				6CF609921A3813800062608A /* AlertController.app */,
				6CF609A71A3813800062608A /* AlertControllerTests.xctest */,
			);
			name = Products;
			sourceTree = "<group>";
		};
		6CF609941A3813800062608A /* AlertController */ = {
			isa = PBXGroup;
			children = (
				6CF609971A3813800062608A /* AppDelegate.swift */,
				6CF609991A3813800062608A /* ViewController.swift */,
				6CF6099B1A3813800062608A /* Main.storyboard */,
				6CF6099E1A3813800062608A /* Images.xcassets */,
				6CF609A01A3813800062608A /* LaunchScreen.xib */,
				6CF609951A3813800062608A /* Supporting Files */,
			);
			path = AlertController;
			sourceTree = "<group>";
		};
		6CF609951A3813800062608A /* Supporting Files */ = {
			isa = PBXGroup;
			children = (
				6CF609961A3813800062608A /* Info.plist */,
			);
			name = "Supporting Files";
			sourceTree = "<group>";
		};
		6CF609AA1A3813800062608A /* AlertControllerTests */ = {
			isa = PBXGroup;
			children = (
				6CF609AD1A3813800062608A /* AlertControllerTests.swift */,
				6CF609AB1A3813800062608A /* Supporting Files */,
			);
			path = AlertControllerTests;
			sourceTree = "<group>";
		};
		6CF609AB1A3813800062608A /* Supporting Files */ = {
			isa = PBXGroup;
			children = (
				6CF609AC1A3813800062608A /* Info.plist */,
			);
			name = "Supporting Files";
			sourceTree = "<group>";
		};
/* End PBXGroup section */

/* Begin PBXNativeTarget section */
		6CF609911A3813800062608A /* AlertController */ = {
			isa = PBXNativeTarget;
			buildConfigurationList = 6CF609B11A3813800062608A /* Build configuration list for PBXNativeTarget "AlertController" */;
			buildPhases = (
				6CF6098E1A3813800062608A /* Sources */,
				6CF6098F1A3813800062608A /* Frameworks */,
				6CF609901A3813800062608A /* Resources */,
			);
			buildRules = (
			);
			dependencies = (
			);
			name = AlertController;
			productName = AlertController;
			productReference = 6CF609921A3813800062608A /* AlertController.app */;
			productType = "com.apple.product-type.application";
		};
		6CF609A61A3813800062608A /* AlertControllerTests */ = {
			isa = PBXNativeTarget;
			buildConfigurationList = 6CF609B41A3813800062608A /* Build configuration list for PBXNativeTarget "AlertControllerTests" */;
			buildPhases = (
				6CF609A31A3813800062608A /* Sources */,
				6CF609A41A3813800062608A /* Frameworks */,
				6CF609A51A3813800062608A /* Resources */,
			);
			buildRules = (
			);
			dependencies = (
				6CF609A91A3813800062608A /* PBXTargetDependency */,
			);
			name = AlertControllerTests;
			productName = AlertControllerTests;
			productReference = 6CF609A71A3813800062608A /* AlertControllerTests.xctest */;
			productType = "com.apple.product-type.bundle.unit-test";
		};
/* End PBXNativeTarget section */

/* Begin PBXProject section */
		6CF6098A1A3813800062608A /* Project object */ = {
			isa = PBXProject;
			attributes = {
				LastUpgradeCheck = 0610;
				ORGANIZATIONNAME = Corebits;
				TargetAttributes = {
					6CF609911A3813800062608A = {
						CreatedOnToolsVersion = 6.1;
					};
					6CF609A61A3813800062608A = {
						CreatedOnToolsVersion = 6.1;
						TestTargetID = 6CF609911A3813800062608A;
					};
				};
			};
			buildConfigurationList = 6CF6098D1A3813800062608A /* Build configuration list for PBXProject "AlertController" */;
			compatibilityVersion = "Xcode 3.2";
			developmentRegion = English;
			hasScannedForEncodings = 0;
			knownRegions = (
				en,
				Base,
			);
			mainGroup = 6CF609891A3813800062608A;
			productRefGroup = 6CF609931A3813800062608A /* Products */;
			projectDirPath = "";
			projectRoot = "";
			targets = (
				6CF609911A3813800062608A /* AlertController */,
				6CF609A61A3813800062608A /* AlertControllerTests */,
			);
		};
/* End PBXProject section */

/* Begin PBXResourcesBuildPhase section */
		6CF609901A3813800062608A /* Resources */ = {
			isa = PBXResourcesBuildPhase;
			buildActionMask = 2147483647;
			files = (
				6CF6099D1A3813800062608A /* Main.storyboard in Resources */,
				6CF609A21A3813800062608A /* LaunchScreen.xib in Resources */,
				6CF6099F1A3813800062608A /* Images.xcassets in Resources */,
			);
			runOnlyForDeploymentPostprocessing = 0;
		};
		6CF609A51A3813800062608A /* Resources */ = {
			isa = PBXResourcesBuildPhase;
			buildActionMask = 2147483647;
			files = (
			);
			runOnlyForDeploymentPostprocessing = 0;
		};
/* End PBXResourcesBuildPhase section */

/* Begin PBXSourcesBuildPhase section */
		6CF6098E1A3813800062608A /* Sources */ = {
			isa = PBXSourcesBuildPhase;
			buildActionMask = 2147483647;
			files = (
				6CF6099A1A3813800062608A /* ViewController.swift in Sources */,
				6CF609981A3813800062608A /* AppDelegate.swift in Sources */,
			);
			runOnlyForDeploymentPostprocessing = 0;
		};
		6CF609A31A3813800062608A /* Sources */ = {
			isa = PBXSourcesBuildPhase;
			buildActionMask = 2147483647;
			files = (
				6CF609AE1A3813800062608A /* AlertControllerTests.swift in Sources */,
			);
			runOnlyForDeploymentPostprocessing = 0;
		};
/* End PBXSourcesBuildPhase section */

/* Begin PBXTargetDependency section */
		6CF609A91A3813800062608A /* PBXTargetDependency */ = {
			isa = PBXTargetDependency;
			target = 6CF609911A3813800062608A /* AlertController */;
			targetProxy = 6CF609A81A3813800062608A /* PBXContainerItemProxy */;
		};
/* End PBXTargetDependency section */

/* Begin PBXVariantGroup section */
		6CF6099B1A3813800062608A /* Main.storyboard */ = {
			isa = PBXVariantGroup;
			children = (
				6CF6099C1A3813800062608A /* Base */,
			);
			name = Main.storyboard;
			sourceTree = "<group>";
		};
		6CF609A01A3813800062608A /* LaunchScreen.xib */ = {
			isa = PBXVariantGroup;
			children = (
				6CF609A11A3813800062608A /* Base */,
			);
			name = LaunchScreen.xib;
			sourceTree = "<group>";
		};
/* End PBXVariantGroup section */

/* Begin XCBuildConfiguration section */
		6CF609AF1A3813800062608A /* Debug */ = {
			isa = XCBuildConfiguration;
			buildSettings = {
				ALWAYS_SEARCH_USER_PATHS = NO;
				CLANG_CXX_LANGUAGE_STANDARD = "gnu++0x";
				CLANG_CXX_LIBRARY = "libc++";
				CLANG_ENABLE_MODULES = YES;
				CLANG_ENABLE_OBJC_ARC = YES;
				CLANG_WARN_BOOL_CONVERSION = YES;
				CLANG_WARN_CONSTANT_CONVERSION = YES;
				CLANG_WARN_DIRECT_OBJC_ISA_USAGE = YES_ERROR;
				CLANG_WARN_EMPTY_BODY = YES;
				CLANG_WARN_ENUM_CONVERSION = YES;
				CLANG_WARN_INT_CONVERSION = YES;
				CLANG_WARN_OBJC_ROOT_CLASS = YES_ERROR;
				CLANG_WARN_UNREACHABLE_CODE = YES;
				CLANG_WARN__DUPLICATE_METHOD_MATCH = YES;
				"CODE_SIGN_IDENTITY[sdk=iphoneos*]" = "iPhone Developer";
				COPY_PHASE_STRIP = NO;
				ENABLE_STRICT_OBJC_MSGSEND = YES;
				GCC_C_LANGUAGE_STANDARD = gnu99;
				GCC_DYNAMIC_NO_PIC = NO;
				GCC_OPTIMIZATION_LEVEL = 0;
				GCC_PREPROCESSOR_DEFINITIONS = (
					"DEBUG=1",
					"$(inherited)",
				);
				GCC_SYMBOLS_PRIVATE_EXTERN = NO;
				GCC_WARN_64_TO_32_BIT_CONVERSION = YES;
				GCC_WARN_ABOUT_RETURN_TYPE = YES_ERROR;
				GCC_WARN_UNDECLARED_SELECTOR = YES;
				GCC_WARN_UNINITIALIZED_AUTOS = YES_AGGRESSIVE;
				GCC_WARN_UNUSED_FUNCTION = YES;
				GCC_WARN_UNUSED_VARIABLE = YES;
				IPHONEOS_DEPLOYMENT_TARGET = 8.1;
				MTL_ENABLE_DEBUG_INFO = YES;
				ONLY_ACTIVE_ARCH = YES;
				SDKROOT = iphoneos;
				SWIFT_OPTIMIZATION_LEVEL = "-Onone";
			};
			name = Debug;
		};
		6CF609B01A3813800062608A /* Release */ = {
			isa = XCBuildConfiguration;
			buildSettings = {
				ALWAYS_SEARCH_USER_PATHS = NO;
				CLANG_CXX_LANGUAGE_STANDARD = "gnu++0x";
				CLANG_CXX_LIBRARY = "libc++";
				CLANG_ENABLE_MODULES = YES;
				CLANG_ENABLE_OBJC_ARC = YES;
				CLANG_WARN_BOOL_CONVERSION = YES;
				CLANG_WARN_CONSTANT_CONVERSION = YES;
				CLANG_WARN_DIRECT_OBJC_ISA_USAGE = YES_ERROR;
				CLANG_WARN_EMPTY_BODY = YES;
				CLANG_WARN_ENUM_CONVERSION = YES;
				CLANG_WARN_INT_CONVERSION = YES;
				CLANG_WARN_OBJC_ROOT_CLASS = YES_ERROR;
				CLANG_WARN_UNREACHABLE_CODE = YES;
				CLANG_WARN__DUPLICATE_METHOD_MATCH = YES;
				"CODE_SIGN_IDENTITY[sdk=iphoneos*]" = "iPhone Developer";
				COPY_PHASE_STRIP = YES;
				ENABLE_NS_ASSERTIONS = NO;
				ENABLE_STRICT_OBJC_MSGSEND = YES;
				GCC_C_LANGUAGE_STANDARD = gnu99;
				GCC_WARN_64_TO_32_BIT_CONVERSION = YES;
				GCC_WARN_ABOUT_RETURN_TYPE = YES_ERROR;
				GCC_WARN_UNDECLARED_SELECTOR = YES;
				GCC_WARN_UNINITIALIZED_AUTOS = YES_AGGRESSIVE;
				GCC_WARN_UNUSED_FUNCTION = YES;
				GCC_WARN_UNUSED_VARIABLE = YES;
				IPHONEOS_DEPLOYMENT_TARGET = 8.1;
				MTL_ENABLE_DEBUG_INFO = NO;
				SDKROOT = iphoneos;
				VALIDATE_PRODUCT = YES;
			};
			name = Release;
		};
		6CF609B21A3813800062608A /* Debug */ = {
			isa = XCBuildConfiguration;
			buildSettings = {
				ASSETCATALOG_COMPILER_APPICON_NAME = AppIcon;
				INFOPLIST_FILE = AlertController/Info.plist;
				LD_RUNPATH_SEARCH_PATHS = "$(inherited) @executable_path/Frameworks";
				PRODUCT_NAME = "$(TARGET_NAME)";
			};
			name = Debug;
		};
		6CF609B31A3813800062608A /* Release */ = {
			isa = XCBuildConfiguration;
			buildSettings = {
				ASSETCATALOG_COMPILER_APPICON_NAME = AppIcon;
				INFOPLIST_FILE = AlertController/Info.plist;
				LD_RUNPATH_SEARCH_PATHS = "$(inherited) @executable_path/Frameworks";
				PRODUCT_NAME = "$(TARGET_NAME)";
			};
			name = Release;
		};
		6CF609B51A3813800062608A /* Debug */ = {
			isa = XCBuildConfiguration;
			buildSettings = {
				BUNDLE_LOADER = "$(TEST_HOST)";
				FRAMEWORK_SEARCH_PATHS = (
					"$(SDKROOT)/Developer/Library/Frameworks",
					"$(inherited)",
				);
				GCC_PREPROCESSOR_DEFINITIONS = (
					"DEBUG=1",
					"$(inherited)",
				);
				INFOPLIST_FILE = AlertControllerTests/Info.plist;
				LD_RUNPATH_SEARCH_PATHS = "$(inherited) @executable_path/Frameworks @loader_path/Frameworks";
				PRODUCT_NAME = "$(TARGET_NAME)";
				TEST_HOST = "$(BUILT_PRODUCTS_DIR)/AlertController.app/AlertController";
			};
			name = Debug;
		};
		6CF609B61A3813800062608A /* Release */ = {
			isa = XCBuildConfiguration;
			buildSettings = {
				BUNDLE_LOADER = "$(TEST_HOST)";
				FRAMEWORK_SEARCH_PATHS = (
					"$(SDKROOT)/Developer/Library/Frameworks",
					"$(inherited)",
				);
				INFOPLIST_FILE = AlertControllerTests/Info.plist;
				LD_RUNPATH_SEARCH_PATHS = "$(inherited) @executable_path/Frameworks @loader_path/Frameworks";
				PRODUCT_NAME = "$(TARGET_NAME)";
				TEST_HOST = "$(BUILT_PRODUCTS_DIR)/AlertController.app/AlertController";
			};
			name = Release;
		};
/* End XCBuildConfiguration section */

/* Begin XCConfigurationList section */
		6CF6098D1A3813800062608A /* Build configuration list for PBXProject "AlertController" */ = {
			isa = XCConfigurationList;
			buildConfigurations = (
				6CF609AF1A3813800062608A /* Debug */,
				6CF609B01A3813800062608A /* Release */,
			);
			defaultConfigurationIsVisible = 0;
			defaultConfigurationName = Release;
		};
		6CF609B11A3813800062608A /* Build configuration list for PBXNativeTarget "AlertController" */ = {
			isa = XCConfigurationList;
			buildConfigurations = (
				6CF609B21A3813800062608A /* Debug */,
				6CF609B31A3813800062608A /* Release */,
			);
			defaultConfigurationIsVisible = 0;
		};
		6CF609B41A3813800062608A /* Build configuration list for PBXNativeTarget "AlertControllerTests" */ = {
			isa = XCConfigurationList;
			buildConfigurations = (
				6CF609B51A3813800062608A /* Debug */,
				6CF609B61A3813800062608A /* Release */,
			);
			defaultConfigurationIsVisible = 0;
		};
/* End XCConfigurationList section */
	};
	rootObject = 6CF6098A1A3813800062608A /* Project object */;
}
